PODS:
  - native-navigation (0.2.1):
    - React
  - React (0.50.4):
    - React/Core (= 0.50.4)
  - React/Core (0.50.4):
    - yoga (= 0.50.4.React)
  - React/fishhook (0.50.4)
  - React/RCTAnimation (0.50.4):
    - React/Core
  - React/RCTBlob (0.50.4):
    - React/Core
  - React/RCTImage (0.50.4):
    - React/Core
    - React/RCTNetwork
  - React/RCTNetwork (0.50.4):
    - React/Core
  - React/RCTText (0.50.4):
    - React/Core
  - React/RCTWebSocket (0.50.4):
    - React/Core
    - React/fishhook
    - React/RCTBlob
  - yoga (0.50.4.React)

DEPENDENCIES:
  - native-navigation (from `../../`)
  - React/Core (from `../../node_modules/react-native`)
  - React/RCTAnimation (from `../../node_modules/react-native`)
  - React/RCTImage (from `../../node_modules/react-native`)
  - React/RCTNetwork (from `../../node_modules/react-native`)
  - React/RCTText (from `../../node_modules/react-native`)
  - React/RCTWebSocket (from `../../node_modules/react-native`)
  - yoga (from `../../node_modules/react-native/ReactCommon/yoga/Yoga.podspec`)

EXTERNAL SOURCES:
  native-navigation:
    :path: ../../
  React:
    :path: ../../node_modules/react-native
  yoga:
    :path: ../../node_modules/react-native/ReactCommon/yoga/Yoga.podspec

SPEC CHECKSUMS:
  native-navigation: da89853765e1ffc180172a19fd2b5e57c11ca4a0
  React: 541ba768b9855e10cdc76f55427a5cd0653ca806
  yoga: 17521bbb0dd54a47c0b3ac43253e78cdac7488e0

PODFILE CHECKSUM: 223e804bc2b361b6060ea95395707fe50be5870f

COCOAPODS: 1.4.0
